
Microsoft Visual Studio Solution File, Format Version 12.00
# Visual Studio Version 17
VisualStudioVersion = 17.10.34928.147
MinimumVisualStudioVersion = 10.0.40219.1
Project("{FAE04EC0-301F-11D3-BF4B-00C04F79EFBC}") = "Types", "Types.csproj", "{AF2EAE78-F3C6-4B6F-8EFE-438074B80FB3}"
EndProject
Global
	GlobalSection(SolutionConfigurationPlatforms) = preSolution
		Release|Any CPU = Release|Any CPU
	EndGlobalSection
	GlobalSection(ProjectConfigurationPlatforms) = postSolution
		{AF2EAE78-F3C6-4B6F-8EFE-438074B80FB3}.Release|Any CPU.ActiveCfg = Release|Any CPU
		{AF2EAE78-F3C6-4B6F-8EFE-438074B80FB3}.Release|Any CPU.Build.0 = Release|Any CPU
	EndGlobalSection
	GlobalSection(SolutionProperties) = preSolution
		HideSolutionNode = FALSE
	EndGlobalSection
	GlobalSection(ExtensibilityGlobals) = postSolution
		SolutionGuid = {F7065110-9324-4FBF-9F9C-2EB2EEBD5A60}
	EndGlobalSection
EndGlobal
